
Microsoft Visual Studio Solution File, Format Version 12.00
# Visual Studio Version 17
VisualStudioVersion = 17.0.31903.59
MinimumVisualStudioVersion = 10.0.40219.1
Project("{2150E333-8FDC-42A3-9474-1A3956D46DE8}") = "src", "src", "{827E0CD3-B72D-47B6-A68D-7590B98EB39B}"
EndProject
Project("{FAE04EC0-301F-11D3-BF4B-00C04F79EFBC}") = "HyperVConsoleKit", "src\HyperVConsoleKit\HyperVConsoleKit.csproj", "{A02DCBF9-6274-41C3-BFBF-180533DBC305}"
EndProject
Project("{FAE04EC0-301F-11D3-BF4B-00C04F79EFBC}") = "ConsoleListVms", "samples\ConsoleListVms\ConsoleListVms.csproj", "{88437829-4156-4141-96AB-D370A0D9E5AC}"
EndProject
Project("{FAE04EC0-301F-11D3-BF4B-00C04F79EFBC}") = "ConsoleScreenshot", "samples\ConsoleScreenshot\ConsoleScreenshot.csproj", "{AEFF4375-F25A-409E-BC43-83652FDDA29F}"
EndProject
Project("{FAE04EC0-301F-11D3-BF4B-00C04F79EFBC}") = "ConsoleKeyboardInput", "samples\ConsoleKeyboardInput\ConsoleKeyboardInput.csproj", "{5CC6CF8F-710B-4B34-93B4-3B099BBAD8FC}"
EndProject
Project("{FAE04EC0-301F-11D3-BF4B-00C04F79EFBC}") = "AspNetCoreWebConsole", "samples\AspNetCoreWebConsole\AspNetCoreWebConsole.csproj", "{40CCF4A0-91E2-4B01-B45C-0DAC2F0DB07C}"
EndProject
Project("{2150E333-8FDC-42A3-9474-1A3956D46DE8}") = "samples", "samples", "{5D20AA90-6969-D8BD-9DCD-8634F4692FDA}"
EndProject
Project("{FAE04EC0-301F-11D3-BF4B-00C04F79EFBC}") = "ConsoleDiagnostics", "samples\ConsoleDiagnostics\ConsoleDiagnostics.csproj", "{DEB5D1AA-CA37-4BBA-BF7C-43A72B026720}"
EndProject
Project("{2150E333-8FDC-42A3-9474-1A3956D46DE8}") = "tests", "tests", "{0AB3BF05-4346-4AA6-1389-037BE0695223}"
EndProject
Project("{FAE04EC0-301F-11D3-BF4B-00C04F79EFBC}") = "HyperVConsoleKit.Tests", "tests\HyperVConsoleKit.Tests\HyperVConsoleKit.Tests.csproj", "{82276E05-EF92-4499-89FC-1CC227702324}"
EndProject
Global
	GlobalSection(SolutionConfigurationPlatforms) = preSolution
		Debug|Any CPU = Debug|Any CPU
		Debug|x64 = Debug|x64
		Debug|x86 = Debug|x86
		Release|Any CPU = Release|Any CPU
		Release|x64 = Release|x64
		Release|x86 = Release|x86
	EndGlobalSection
	GlobalSection(ProjectConfigurationPlatforms) = postSolution
		{A02DCBF9-6274-41C3-BFBF-180533DBC305}.Debug|Any CPU.ActiveCfg = Debug|Any CPU
		{A02DCBF9-6274-41C3-BFBF-180533DBC305}.Debug|Any CPU.Build.0 = Debug|Any CPU
		{A02DCBF9-6274-41C3-BFBF-180533DBC305}.Debug|x64.ActiveCfg = Debug|Any CPU
		{A02DCBF9-6274-41C3-BFBF-180533DBC305}.Debug|x64.Build.0 = Debug|Any CPU
		{A02DCBF9-6274-41C3-BFBF-180533DBC305}.Debug|x86.ActiveCfg = Debug|Any CPU
		{A02DCBF9-6274-41C3-BFBF-180533DBC305}.Debug|x86.Build.0 = Debug|Any CPU
		{A02DCBF9-6274-41C3-BFBF-180533DBC305}.Release|Any CPU.ActiveCfg = Release|Any CPU
		{A02DCBF9-6274-41C3-BFBF-180533DBC305}.Release|Any CPU.Build.0 = Release|Any CPU
		{A02DCBF9-6274-41C3-BFBF-180533DBC305}.Release|x64.ActiveCfg = Release|Any CPU
		{A02DCBF9-6274-41C3-BFBF-180533DBC305}.Release|x64.Build.0 = Release|Any CPU
		{A02DCBF9-6274-41C3-BFBF-180533DBC305}.Release|x86.ActiveCfg = Release|Any CPU
		{A02DCBF9-6274-41C3-BFBF-180533DBC305}.Release|x86.Build.0 = Release|Any CPU
		{88437829-4156-4141-96AB-D370A0D9E5AC}.Debug|Any CPU.ActiveCfg = Debug|Any CPU
		{88437829-4156-4141-96AB-D370A0D9E5AC}.Debug|Any CPU.Build.0 = Debug|Any CPU
		{88437829-4156-4141-96AB-D370A0D9E5AC}.Debug|x64.ActiveCfg = Debug|Any CPU
		{88437829-4156-4141-96AB-D370A0D9E5AC}.Debug|x64.Build.0 = Debug|Any CPU
		{88437829-4156-4141-96AB-D370A0D9E5AC}.Debug|x86.ActiveCfg = Debug|Any CPU
		{88437829-4156-4141-96AB-D370A0D9E5AC}.Debug|x86.Build.0 = Debug|Any CPU
		{88437829-4156-4141-96AB-D370A0D9E5AC}.Release|Any CPU.ActiveCfg = Release|Any CPU
		{88437829-4156-4141-96AB-D370A0D9E5AC}.Release|Any CPU.Build.0 = Release|Any CPU
		{88437829-4156-4141-96AB-D370A0D9E5AC}.Release|x64.ActiveCfg = Release|Any CPU
		{88437829-4156-4141-96AB-D370A0D9E5AC}.Release|x64.Build.0 = Release|Any CPU
		{88437829-4156-4141-96AB-D370A0D9E5AC}.Release|x86.ActiveCfg = Release|Any CPU
		{88437829-4156-4141-96AB-D370A0D9E5AC}.Release|x86.Build.0 = Release|Any CPU
		{AEFF4375-F25A-409E-BC43-83652FDDA29F}.Debug|Any CPU.ActiveCfg = Debug|Any CPU
		{AEFF4375-F25A-409E-BC43-83652FDDA29F}.Debug|Any CPU.Build.0 = Debug|Any CPU
		{AEFF4375-F25A-409E-BC43-83652FDDA29F}.Debug|x64.ActiveCfg = Debug|Any CPU
		{AEFF4375-F25A-409E-BC43-83652FDDA29F}.Debug|x64.Build.0 = Debug|Any CPU
		{AEFF4375-F25A-409E-BC43-83652FDDA29F}.Debug|x86.ActiveCfg = Debug|Any CPU
		{AEFF4375-F25A-409E-BC43-83652FDDA29F}.Debug|x86.Build.0 = Debug|Any CPU
		{AEFF4375-F25A-409E-BC43-83652FDDA29F}.Release|Any CPU.ActiveCfg = Release|Any CPU
		{AEFF4375-F25A-409E-BC43-83652FDDA29F}.Release|Any CPU.Build.0 = Release|Any CPU
		{AEFF4375-F25A-409E-BC43-83652FDDA29F}.Release|x64.ActiveCfg = Release|Any CPU
		{AEFF4375-F25A-409E-BC43-83652FDDA29F}.Release|x64.Build.0 = Release|Any CPU
		{AEFF4375-F25A-409E-BC43-83652FDDA29F}.Release|x86.ActiveCfg = Release|Any CPU
		{AEFF4375-F25A-409E-BC43-83652FDDA29F}.Release|x86.Build.0 = Release|Any CPU
		{5CC6CF8F-710B-4B34-93B4-3B099BBAD8FC}.Debug|Any CPU.ActiveCfg = Debug|Any CPU
		{5CC6CF8F-710B-4B34-93B4-3B099BBAD8FC}.Debug|Any CPU.Build.0 = Debug|Any CPU
		{5CC6CF8F-710B-4B34-93B4-3B099BBAD8FC}.Debug|x64.ActiveCfg = Debug|Any CPU
		{5CC6CF8F-710B-4B34-93B4-3B099BBAD8FC}.Debug|x64.Build.0 = Debug|Any CPU
		{5CC6CF8F-710B-4B34-93B4-3B099BBAD8FC}.Debug|x86.ActiveCfg = Debug|Any CPU
		{5CC6CF8F-710B-4B34-93B4-3B099BBAD8FC}.Debug|x86.Build.0 = Debug|Any CPU
		{5CC6CF8F-710B-4B34-93B4-3B099BBAD8FC}.Release|Any CPU.ActiveCfg = Release|Any CPU
		{5CC6CF8F-710B-4B34-93B4-3B099BBAD8FC}.Release|Any CPU.Build.0 = Release|Any CPU
		{5CC6CF8F-710B-4B34-93B4-3B099BBAD8FC}.Release|x64.ActiveCfg = Release|Any CPU
		{5CC6CF8F-710B-4B34-93B4-3B099BBAD8FC}.Release|x64.Build.0 = Release|Any CPU
		{5CC6CF8F-710B-4B34-93B4-3B099BBAD8FC}.Release|x86.ActiveCfg = Release|Any CPU
		{5CC6CF8F-710B-4B34-93B4-3B099BBAD8FC}.Release|x86.Build.0 = Release|Any CPU
		{40CCF4A0-91E2-4B01-B45C-0DAC2F0DB07C}.Debug|Any CPU.ActiveCfg = Debug|Any CPU
		{40CCF4A0-91E2-4B01-B45C-0DAC2F0DB07C}.Debug|Any CPU.Build.0 = Debug|Any CPU
		{40CCF4A0-91E2-4B01-B45C-0DAC2F0DB07C}.Debug|x64.ActiveCfg = Debug|Any CPU
		{40CCF4A0-91E2-4B01-B45C-0DAC2F0DB07C}.Debug|x64.Build.0 = Debug|Any CPU
		{40CCF4A0-91E2-4B01-B45C-0DAC2F0DB07C}.Debug|x86.ActiveCfg = Debug|Any CPU
		{40CCF4A0-91E2-4B01-B45C-0DAC2F0DB07C}.Debug|x86.Build.0 = Debug|Any CPU
		{40CCF4A0-91E2-4B01-B45C-0DAC2F0DB07C}.Release|Any CPU.ActiveCfg = Release|Any CPU
		{40CCF4A0-91E2-4B01-B45C-0DAC2F0DB07C}.Release|Any CPU.Build.0 = Release|Any CPU
		{40CCF4A0-91E2-4B01-B45C-0DAC2F0DB07C}.Release|x64.ActiveCfg = Release|Any CPU
		{40CCF4A0-91E2-4B01-B45C-0DAC2F0DB07C}.Release|x64.Build.0 = Release|Any CPU
		{40CCF4A0-91E2-4B01-B45C-0DAC2F0DB07C}.Release|x86.ActiveCfg = Release|Any CPU
		{40CCF4A0-91E2-4B01-B45C-0DAC2F0DB07C}.Release|x86.Build.0 = Release|Any CPU
		{DEB5D1AA-CA37-4BBA-BF7C-43A72B026720}.Debug|Any CPU.ActiveCfg = Debug|Any CPU
		{DEB5D1AA-CA37-4BBA-BF7C-43A72B026720}.Debug|Any CPU.Build.0 = Debug|Any CPU
		{DEB5D1AA-CA37-4BBA-BF7C-43A72B026720}.Debug|x64.ActiveCfg = Debug|Any CPU
		{DEB5D1AA-CA37-4BBA-BF7C-43A72B026720}.Debug|x64.Build.0 = Debug|Any CPU
		{DEB5D1AA-CA37-4BBA-BF7C-43A72B026720}.Debug|x86.ActiveCfg = Debug|Any CPU
		{DEB5D1AA-CA37-4BBA-BF7C-43A72B026720}.Debug|x86.Build.0 = Debug|Any CPU
		{DEB5D1AA-CA37-4BBA-BF7C-43A72B026720}.Release|Any CPU.ActiveCfg = Release|Any CPU
		{DEB5D1AA-CA37-4BBA-BF7C-43A72B026720}.Release|Any CPU.Build.0 = Release|Any CPU
		{DEB5D1AA-CA37-4BBA-BF7C-43A72B026720}.Release|x64.ActiveCfg = Release|Any CPU
		{DEB5D1AA-CA37-4BBA-BF7C-43A72B026720}.Release|x64.Build.0 = Release|Any CPU
		{DEB5D1AA-CA37-4BBA-BF7C-43A72B026720}.Release|x86.ActiveCfg = Release|Any CPU
		{DEB5D1AA-CA37-4BBA-BF7C-43A72B026720}.Release|x86.Build.0 = Release|Any CPU
		{82276E05-EF92-4499-89FC-1CC227702324}.Debug|Any CPU.ActiveCfg = Debug|Any CPU
		{82276E05-EF92-4499-89FC-1CC227702324}.Debug|Any CPU.Build.0 = Debug|Any CPU
		{82276E05-EF92-4499-89FC-1CC227702324}.Debug|x64.ActiveCfg = Debug|Any CPU
		{82276E05-EF92-4499-89FC-1CC227702324}.Debug|x64.Build.0 = Debug|Any CPU
		{82276E05-EF92-4499-89FC-1CC227702324}.Debug|x86.ActiveCfg = Debug|Any CPU
		{82276E05-EF92-4499-89FC-1CC227702324}.Debug|x86.Build.0 = Debug|Any CPU
		{82276E05-EF92-4499-89FC-1CC227702324}.Release|Any CPU.ActiveCfg = Release|Any CPU
		{82276E05-EF92-4499-89FC-1CC227702324}.Release|Any CPU.Build.0 = Release|Any CPU
		{82276E05-EF92-4499-89FC-1CC227702324}.Release|x64.ActiveCfg = Release|Any CPU
		{82276E05-EF92-4499-89FC-1CC227702324}.Release|x64.Build.0 = Release|Any CPU
		{82276E05-EF92-4499-89FC-1CC227702324}.Release|x86.ActiveCfg = Release|Any CPU
		{82276E05-EF92-4499-89FC-1CC227702324}.Release|x86.Build.0 = Release|Any CPU
	EndGlobalSection
	GlobalSection(SolutionProperties) = preSolution
		HideSolutionNode = FALSE
	EndGlobalSection
	GlobalSection(NestedProjects) = preSolution
		{A02DCBF9-6274-41C3-BFBF-180533DBC305} = {827E0CD3-B72D-47B6-A68D-7590B98EB39B}
		{88437829-4156-4141-96AB-D370A0D9E5AC} = {827E0CD3-B72D-47B6-A68D-7590B98EB39B}
		{AEFF4375-F25A-409E-BC43-83652FDDA29F} = {827E0CD3-B72D-47B6-A68D-7590B98EB39B}
		{5CC6CF8F-710B-4B34-93B4-3B099BBAD8FC} = {827E0CD3-B72D-47B6-A68D-7590B98EB39B}
		{40CCF4A0-91E2-4B01-B45C-0DAC2F0DB07C} = {827E0CD3-B72D-47B6-A68D-7590B98EB39B}
		{DEB5D1AA-CA37-4BBA-BF7C-43A72B026720} = {5D20AA90-6969-D8BD-9DCD-8634F4692FDA}
		{82276E05-EF92-4499-89FC-1CC227702324} = {0AB3BF05-4346-4AA6-1389-037BE0695223}
	EndGlobalSection
EndGlobal
